
Microsoft Visual Studio Solution File, Format Version 12.00
# Visual Studio Version 17
VisualStudioVersion = 17.14.36310.24 d17.14
MinimumVisualStudioVersion = 10.0.40219.1
Project("{FAE04EC0-301F-11D3-BF4B-00C04F79EFBC}") = "ExercicioProposto1", "ExercicioProposto1\ExercicioProposto1.csproj", "{0615B190-1450-4FA4-8FCF-368144BC801D}"
EndProject
Global
	GlobalSection(SolutionConfigurationPlatforms) = preSolution
		Debug|Any CPU = Debug|Any CPU
		Release|Any CPU = Release|Any CPU
	EndGlobalSection
	GlobalSection(ProjectConfigurationPlatforms) = postSolution
		{0615B190-1450-4FA4-8FCF-368144BC801D}.Debug|Any CPU.ActiveCfg = Debug|Any CPU
		{0615B190-1450-4FA4-8FCF-368144BC801D}.Debug|Any CPU.Build.0 = Debug|Any CPU
		{0615B190-1450-4FA4-8FCF-368144BC801D}.Release|Any CPU.ActiveCfg = Release|Any CPU
		{0615B190-1450-4FA4-8FCF-368144BC801D}.Release|Any CPU.Build.0 = Release|Any CPU
	EndGlobalSection
	GlobalSection(SolutionProperties) = preSolution
		HideSolutionNode = FALSE
	EndGlobalSection
	GlobalSection(ExtensibilityGlobals) = postSolution
		SolutionGuid = {1F51EBFA-695C-4B7E-A6C2-E5601DBBBCAF}
	EndGlobalSection
EndGlobal
